
Microsoft Visual Studio Solution File, Format Version 12.00
# Visual Studio Version 17
VisualStudioVersion = 17.9.34723.18
MinimumVisualStudioVersion = 10.0.40219.1
Project("{9A19103F-16F7-4668-BE54-9A1E7A4F7556}") = "Ironwall.Dotnet.Libraries.Base", "Ironwall.Dotnet.Libraries.Base\Ironwall.Dotnet.Libraries.Base.csproj", "{49D442EB-9F05-4F0B-9423-5E3125FEB2A4}"
EndProject
Project("{FAE04EC0-301F-11D3-BF4B-00C04F79EFBC}") = "Ironwall.Dotnet.Framework", "Ironwall.Dotnet.Framework\Ironwall.Dotnet.Framework.csproj", "{ED3E0F65-82BA-44CD-AFEE-52CDB7BBDBEA}"
EndProject
Project("{FAE04EC0-301F-11D3-BF4B-00C04F79EFBC}") = "Ironwall.Dotnet.Framework.Models", "Ironwall.Dotnet.Framework.Models\Ironwall.Dotnet.Framework.Models.csproj", "{E3CA14EC-1984-46E5-AFBF-677337A21C6E}"
EndProject
Project("{FAE04EC0-301F-11D3-BF4B-00C04F79EFBC}") = "Ironwall.Dotnet.Libraries.Streaming.Base", "Ironwall.Dotnet.Libraries.Streaming.Base\Ironwall.Dotnet.Libraries.Streaming.Base.csproj", "{7F690BBA-C704-413E-B8D4-3C42E9B4AE20}"
EndProject
Project("{FAE04EC0-301F-11D3-BF4B-00C04F79EFBC}") = "Ironwall.Dotnet.Libraries.Enums", "Ironwall.Dotnet.Libraries.Enums\Ironwall.Dotnet.Libraries.Enums.csproj", "{F54DCE5C-3672-4427-8A6E-3E4B0C5E0BF3}"
EndProject
Project("{FAE04EC0-301F-11D3-BF4B-00C04F79EFBC}") = "Ironwall.Dotnet.Libraries.Streaming", "Ironwall.Dotnet.Libraries.Streaming\Ironwall.Dotnet.Libraries.Streaming.csproj", "{54D220E4-A50D-4B39-85DD-C5BF01274D4A}"
EndProject
Project("{FAE04EC0-301F-11D3-BF4B-00C04F79EFBC}") = "Ironwall.Dotnet.Libraries.Tracking.Api", "Ironwall.Dotnet.Libraries.Tracking.Api\Ironwall.Dotnet.Libraries.Tracking.Api.csproj", "{87022D1A-344E-429A-9BF6-B2476B53C12D}"
EndProject
Project("{FAE04EC0-301F-11D3-BF4B-00C04F79EFBC}") = "Ironwall.Dotnet.Libraries.Api", "Ironwall.Dotnet.Libraries.Api\Ironwall.Dotnet.Libraries.Api.csproj", "{5660977E-C4D2-42E1-A0F3-52506DA4840F}"
EndProject
Project("{FAE04EC0-301F-11D3-BF4B-00C04F79EFBC}") = "Ironwall.Dotnet.Libraries.Messages", "Ironwall.Dotnet.Libraries.Messages\Ironwall.Dotnet.Libraries.Messages.csproj", "{C040DBA8-3BEB-4B05-AD2D-E015CF93D58C}"
EndProject
Project("{FAE04EC0-301F-11D3-BF4B-00C04F79EFBC}") = "Ironwall.Dotnet.Libraries.Reports.Api", "Ironwall.Dotnet.Libraries.Reports.Api\Ironwall.Dotnet.Libraries.Reports.Api.csproj", "{F30039B2-8794-47DC-9098-DC7E3E252A93}"
EndProject
Project("{FAE04EC0-301F-11D3-BF4B-00C04F79EFBC}") = "Ironwall.Dotnet.Libraries.Accounts.Api", "Ironwall.Dotnet.Libraries.Accounts.Api\Ironwall.Dotnet.Libraries.Accounts.Api.csproj", "{1121DF2B-CBB0-4D3E-8BAF-666F74001C87}"
EndProject
Project("{FAE04EC0-301F-11D3-BF4B-00C04F79EFBC}") = "Ironwall.Dotnet.Monitoring.Models", "Ironwall.Dotnet.Monitoring.Models\Ironwall.Dotnet.Monitoring.Models.csproj", "{9620A34F-2033-457E-9C48-169A80EBCF6B}"
EndProject
Project("{FAE04EC0-301F-11D3-BF4B-00C04F79EFBC}") = "Ironwall.Dotnet.Libraries.Accounts", "Ironwall.Dotnet.Libraries.Accounts\Ironwall.Dotnet.Libraries.Accounts.csproj", "{9589DB9E-6497-409C-BD1B-01590656C89A}"
EndProject
Project("{FAE04EC0-301F-11D3-BF4B-00C04F79EFBC}") = "Ironwall.Dotnet.Libraries.Reports.Ui", "Ironwall.Dotnet.Libraries.Reports.Ui\Ironwall.Dotnet.Libraries.Reports.Ui.csproj", "{64A68830-D246-49EE-9327-80481D65B3A1}"
EndProject
Project("{FAE04EC0-301F-11D3-BF4B-00C04F79EFBC}") = "Ironwall.Dotnet.Libraries.Utils", "Ironwall.Dotnet.Libraries.Utils\Ironwall.Dotnet.Libraries.Utils.csproj", "{5EAC25FC-3BB3-4351-BCF3-4081E9553AEB}"
EndProject
Project("{FAE04EC0-301F-11D3-BF4B-00C04F79EFBC}") = "Ironwall.Dotnet.Libraries.ViewModel", "Ironwall.Dotnet.Libraries.ViewModel\Ironwall.Dotnet.Libraries.ViewModel.csproj", "{C552FD1A-5143-4AD6-938D-4D96340D7AE0}"
EndProject
Project("{FAE04EC0-301F-11D3-BF4B-00C04F79EFBC}") = "Ironwall.Dotnet.Libraries.Theme", "Ironwall.Dotnet.Libraries.Theme\Ironwall.Dotnet.Libraries.Theme.csproj", "{13F7BDA3-265F-4F30-8144-9AD408303F21}"
EndProject
Project("{FAE04EC0-301F-11D3-BF4B-00C04F79EFBC}") = "Ironwall.Dotnet.Libraries.Watchdog", "Ironwall.Dotnet.Libraries.Watchdog\Ironwall.Dotnet.Libraries.Watchdog.csproj", "{CAAEB235-B6A7-4A89-B4AA-96994287E61E}"
EndProject
Project("{FAE04EC0-301F-11D3-BF4B-00C04F79EFBC}") = "Ironwall.Dotnet.Libraries.Watchdog.Tests", "Ironwall.Dotnet.Libraries.Watchdog.Tests\Ironwall.Dotnet.Libraries.Watchdog.Tests.csproj", "{5E4A355D-3FC0-48FC-8108-29A891447F65}"
EndProject
Global
	GlobalSection(SolutionConfigurationPlatforms) = preSolution
		Debug|Any CPU = Debug|Any CPU
		Debug|x64 = Debug|x64
		Debug|x86 = Debug|x86
		Release|Any CPU = Release|Any CPU
		Release|x64 = Release|x64
		Release|x86 = Release|x86
	EndGlobalSection
	GlobalSection(ProjectConfigurationPlatforms) = postSolution
		{49D442EB-9F05-4F0B-9423-5E3125FEB2A4}.Debug|Any CPU.ActiveCfg = Debug|Any CPU
		{49D442EB-9F05-4F0B-9423-5E3125FEB2A4}.Debug|Any CPU.Build.0 = Debug|Any CPU
		{49D442EB-9F05-4F0B-9423-5E3125FEB2A4}.Debug|x64.ActiveCfg = Debug|Any CPU
		{49D442EB-9F05-4F0B-9423-5E3125FEB2A4}.Debug|x64.Build.0 = Debug|Any CPU
		{49D442EB-9F05-4F0B-9423-5E3125FEB2A4}.Debug|x86.ActiveCfg = Debug|Any CPU
		{49D442EB-9F05-4F0B-9423-5E3125FEB2A4}.Debug|x86.Build.0 = Debug|Any CPU
		{49D442EB-9F05-4F0B-9423-5E3125FEB2A4}.Release|Any CPU.ActiveCfg = Release|Any CPU
		{49D442EB-9F05-4F0B-9423-5E3125FEB2A4}.Release|Any CPU.Build.0 = Release|Any CPU
		{49D442EB-9F05-4F0B-9423-5E3125FEB2A4}.Release|x64.ActiveCfg = Release|Any CPU
		{49D442EB-9F05-4F0B-9423-5E3125FEB2A4}.Release|x64.Build.0 = Release|Any CPU
		{49D442EB-9F05-4F0B-9423-5E3125FEB2A4}.Release|x86.ActiveCfg = Release|Any CPU
		{49D442EB-9F05-4F0B-9423-5E3125FEB2A4}.Release|x86.Build.0 = Release|Any CPU
		{ED3E0F65-82BA-44CD-AFEE-52CDB7BBDBEA}.Debug|Any CPU.ActiveCfg = Debug|Any CPU
		{ED3E0F65-82BA-44CD-AFEE-52CDB7BBDBEA}.Debug|Any CPU.Build.0 = Debug|Any CPU
		{ED3E0F65-82BA-44CD-AFEE-52CDB7BBDBEA}.Debug|x64.ActiveCfg = Debug|Any CPU
		{ED3E0F65-82BA-44CD-AFEE-52CDB7BBDBEA}.Debug|x64.Build.0 = Debug|Any CPU
		{ED3E0F65-82BA-44CD-AFEE-52CDB7BBDBEA}.Debug|x86.ActiveCfg = Debug|Any CPU
		{ED3E0F65-82BA-44CD-AFEE-52CDB7BBDBEA}.Debug|x86.Build.0 = Debug|Any CPU
		{ED3E0F65-82BA-44CD-AFEE-52CDB7BBDBEA}.Release|Any CPU.ActiveCfg = Release|Any CPU
		{ED3E0F65-82BA-44CD-AFEE-52CDB7BBDBEA}.Release|Any CPU.Build.0 = Release|Any CPU
		{ED3E0F65-82BA-44CD-AFEE-52CDB7BBDBEA}.Release|x64.ActiveCfg = Release|Any CPU
		{ED3E0F65-82BA-44CD-AFEE-52CDB7BBDBEA}.Release|x64.Build.0 = Release|Any CPU
		{ED3E0F65-82BA-44CD-AFEE-52CDB7BBDBEA}.Release|x86.ActiveCfg = Release|Any CPU
		{ED3E0F65-82BA-44CD-AFEE-52CDB7BBDBEA}.Release|x86.Build.0 = Release|Any CPU
		{E3CA14EC-1984-46E5-AFBF-677337A21C6E}.Debug|Any CPU.ActiveCfg = Debug|Any CPU
		{E3CA14EC-1984-46E5-AFBF-677337A21C6E}.Debug|Any CPU.Build.0 = Debug|Any CPU
		{E3CA14EC-1984-46E5-AFBF-677337A21C6E}.Debug|x64.ActiveCfg = Debug|Any CPU
		{E3CA14EC-1984-46E5-AFBF-677337A21C6E}.Debug|x64.Build.0 = Debug|Any CPU
		{E3CA14EC-1984-46E5-AFBF-677337A21C6E}.Debug|x86.ActiveCfg = Debug|Any CPU
		{E3CA14EC-1984-46E5-AFBF-677337A21C6E}.Debug|x86.Build.0 = Debug|Any CPU
		{E3CA14EC-1984-46E5-AFBF-677337A21C6E}.Release|Any CPU.ActiveCfg = Release|Any CPU
		{E3CA14EC-1984-46E5-AFBF-677337A21C6E}.Release|Any CPU.Build.0 = Release|Any CPU
		{E3CA14EC-1984-46E5-AFBF-677337A21C6E}.Release|x64.ActiveCfg = Release|Any CPU
		{E3CA14EC-1984-46E5-AFBF-677337A21C6E}.Release|x64.Build.0 = Release|Any CPU
		{E3CA14EC-1984-46E5-AFBF-677337A21C6E}.Release|x86.ActiveCfg = Release|Any CPU
		{E3CA14EC-1984-46E5-AFBF-677337A21C6E}.Release|x86.Build.0 = Release|Any CPU
		{7F690BBA-C704-413E-B8D4-3C42E9B4AE20}.Debug|Any CPU.ActiveCfg = Debug|Any CPU
		{7F690BBA-C704-413E-B8D4-3C42E9B4AE20}.Debug|Any CPU.Build.0 = Debug|Any CPU
		{7F690BBA-C704-413E-B8D4-3C42E9B4AE20}.Debug|x64.ActiveCfg = Debug|Any CPU
		{7F690BBA-C704-413E-B8D4-3C42E9B4AE20}.Debug|x64.Build.0 = Debug|Any CPU
		{7F690BBA-C704-413E-B8D4-3C42E9B4AE20}.Debug|x86.ActiveCfg = Debug|Any CPU
		{7F690BBA-C704-413E-B8D4-3C42E9B4AE20}.Debug|x86.Build.0 = Debug|Any CPU
		{7F690BBA-C704-413E-B8D4-3C42E9B4AE20}.Release|Any CPU.ActiveCfg = Release|Any CPU
		{7F690BBA-C704-413E-B8D4-3C42E9B4AE20}.Release|Any CPU.Build.0 = Release|Any CPU
		{7F690BBA-C704-413E-B8D4-3C42E9B4AE20}.Release|x64.ActiveCfg = Release|Any CPU
		{7F690BBA-C704-413E-B8D4-3C42E9B4AE20}.Release|x64.Build.0 = Release|Any CPU
		{7F690BBA-C704-413E-B8D4-3C42E9B4AE20}.Release|x86.ActiveCfg = Release|Any CPU
		{7F690BBA-C704-413E-B8D4-3C42E9B4AE20}.Release|x86.Build.0 = Release|Any CPU
		{F54DCE5C-3672-4427-8A6E-3E4B0C5E0BF3}.Debug|Any CPU.ActiveCfg = Debug|Any CPU
		{F54DCE5C-3672-4427-8A6E-3E4B0C5E0BF3}.Debug|Any CPU.Build.0 = Debug|Any CPU
		{F54DCE5C-3672-4427-8A6E-3E4B0C5E0BF3}.Debug|x64.ActiveCfg = Debug|Any CPU
		{F54DCE5C-3672-4427-8A6E-3E4B0C5E0BF3}.Debug|x64.Build.0 = Debug|Any CPU
		{F54DCE5C-3672-4427-8A6E-3E4B0C5E0BF3}.Debug|x86.ActiveCfg = Debug|Any CPU
		{F54DCE5C-3672-4427-8A6E-3E4B0C5E0BF3}.Debug|x86.Build.0 = Debug|Any CPU
		{F54DCE5C-3672-4427-8A6E-3E4B0C5E0BF3}.Release|Any CPU.ActiveCfg = Release|Any CPU
		{F54DCE5C-3672-4427-8A6E-3E4B0C5E0BF3}.Release|Any CPU.Build.0 = Release|Any CPU
		{F54DCE5C-3672-4427-8A6E-3E4B0C5E0BF3}.Release|x64.ActiveCfg = Release|Any CPU
		{F54DCE5C-3672-4427-8A6E-3E4B0C5E0BF3}.Release|x64.Build.0 = Release|Any CPU
		{F54DCE5C-3672-4427-8A6E-3E4B0C5E0BF3}.Release|x86.ActiveCfg = Release|Any CPU
		{F54DCE5C-3672-4427-8A6E-3E4B0C5E0BF3}.Release|x86.Build.0 = Release|Any CPU
		{54D220E4-A50D-4B39-85DD-C5BF01274D4A}.Debug|Any CPU.ActiveCfg = Debug|Any CPU
		{54D220E4-A50D-4B39-85DD-C5BF01274D4A}.Debug|Any CPU.Build.0 = Debug|Any CPU
		{54D220E4-A50D-4B39-85DD-C5BF01274D4A}.Debug|x64.ActiveCfg = Debug|Any CPU
		{54D220E4-A50D-4B39-85DD-C5BF01274D4A}.Debug|x64.Build.0 = Debug|Any CPU
		{54D220E4-A50D-4B39-85DD-C5BF01274D4A}.Debug|x86.ActiveCfg = Debug|Any CPU
		{54D220E4-A50D-4B39-85DD-C5BF01274D4A}.Debug|x86.Build.0 = Debug|Any CPU
		{54D220E4-A50D-4B39-85DD-C5BF01274D4A}.Release|Any CPU.ActiveCfg = Release|Any CPU
		{54D220E4-A50D-4B39-85DD-C5BF01274D4A}.Release|Any CPU.Build.0 = Release|Any CPU
		{54D220E4-A50D-4B39-85DD-C5BF01274D4A}.Release|x64.ActiveCfg = Release|Any CPU
		{54D220E4-A50D-4B39-85DD-C5BF01274D4A}.Release|x64.Build.0 = Release|Any CPU
		{54D220E4-A50D-4B39-85DD-C5BF01274D4A}.Release|x86.ActiveCfg = Release|Any CPU
		{54D220E4-A50D-4B39-85DD-C5BF01274D4A}.Release|x86.Build.0 = Release|Any CPU
		{87022D1A-344E-429A-9BF6-B2476B53C12D}.Debug|Any CPU.ActiveCfg = Debug|Any CPU
		{87022D1A-344E-429A-9BF6-B2476B53C12D}.Debug|Any CPU.Build.0 = Debug|Any CPU
		{87022D1A-344E-429A-9BF6-B2476B53C12D}.Debug|x64.ActiveCfg = Debug|Any CPU
		{87022D1A-344E-429A-9BF6-B2476B53C12D}.Debug|x64.Build.0 = Debug|Any CPU
		{87022D1A-344E-429A-9BF6-B2476B53C12D}.Debug|x86.ActiveCfg = Debug|Any CPU
		{87022D1A-344E-429A-9BF6-B2476B53C12D}.Debug|x86.Build.0 = Debug|Any CPU
		{87022D1A-344E-429A-9BF6-B2476B53C12D}.Release|Any CPU.ActiveCfg = Release|Any CPU
		{87022D1A-344E-429A-9BF6-B2476B53C12D}.Release|Any CPU.Build.0 = Release|Any CPU
		{87022D1A-344E-429A-9BF6-B2476B53C12D}.Release|x64.ActiveCfg = Release|Any CPU
		{87022D1A-344E-429A-9BF6-B2476B53C12D}.Release|x64.Build.0 = Release|Any CPU
		{87022D1A-344E-429A-9BF6-B2476B53C12D}.Release|x86.ActiveCfg = Release|Any CPU
		{87022D1A-344E-429A-9BF6-B2476B53C12D}.Release|x86.Build.0 = Release|Any CPU
		{5660977E-C4D2-42E1-A0F3-52506DA4840F}.Debug|Any CPU.ActiveCfg = Debug|Any CPU
		{5660977E-C4D2-42E1-A0F3-52506DA4840F}.Debug|Any CPU.Build.0 = Debug|Any CPU
		{5660977E-C4D2-42E1-A0F3-52506DA4840F}.Debug|x64.ActiveCfg = Debug|x64
		{5660977E-C4D2-42E1-A0F3-52506DA4840F}.Debug|x64.Build.0 = Debug|x64
		{5660977E-C4D2-42E1-A0F3-52506DA4840F}.Debug|x86.ActiveCfg = Debug|x86
		{5660977E-C4D2-42E1-A0F3-52506DA4840F}.Debug|x86.Build.0 = Debug|x86
		{5660977E-C4D2-42E1-A0F3-52506DA4840F}.Release|Any CPU.ActiveCfg = Release|Any CPU
		{5660977E-C4D2-42E1-A0F3-52506DA4840F}.Release|Any CPU.Build.0 = Release|Any CPU
		{5660977E-C4D2-42E1-A0F3-52506DA4840F}.Release|x64.ActiveCfg = Release|x64
		{5660977E-C4D2-42E1-A0F3-52506DA4840F}.Release|x64.Build.0 = Release|x64
		{5660977E-C4D2-42E1-A0F3-52506DA4840F}.Release|x86.ActiveCfg = Release|x86
		{5660977E-C4D2-42E1-A0F3-52506DA4840F}.Release|x86.Build.0 = Release|x86
		{C040DBA8-3BEB-4B05-AD2D-E015CF93D58C}.Debug|Any CPU.ActiveCfg = Debug|Any CPU
		{C040DBA8-3BEB-4B05-AD2D-E015CF93D58C}.Debug|Any CPU.Build.0 = Debug|Any CPU
		{C040DBA8-3BEB-4B05-AD2D-E015CF93D58C}.Debug|x64.ActiveCfg = Debug|Any CPU
		{C040DBA8-3BEB-4B05-AD2D-E015CF93D58C}.Debug|x64.Build.0 = Debug|Any CPU
		{C040DBA8-3BEB-4B05-AD2D-E015CF93D58C}.Debug|x86.ActiveCfg = Debug|Any CPU
		{C040DBA8-3BEB-4B05-AD2D-E015CF93D58C}.Debug|x86.Build.0 = Debug|Any CPU
		{C040DBA8-3BEB-4B05-AD2D-E015CF93D58C}.Release|Any CPU.ActiveCfg = Release|Any CPU
		{C040DBA8-3BEB-4B05-AD2D-E015CF93D58C}.Release|Any CPU.Build.0 = Release|Any CPU
		{C040DBA8-3BEB-4B05-AD2D-E015CF93D58C}.Release|x64.ActiveCfg = Release|Any CPU
		{C040DBA8-3BEB-4B05-AD2D-E015CF93D58C}.Release|x64.Build.0 = Release|Any CPU
		{C040DBA8-3BEB-4B05-AD2D-E015CF93D58C}.Release|x86.ActiveCfg = Release|Any CPU
		{C040DBA8-3BEB-4B05-AD2D-E015CF93D58C}.Release|x86.Build.0 = Release|Any CPU
		{F30039B2-8794-47DC-9098-DC7E3E252A93}.Debug|Any CPU.ActiveCfg = Debug|Any CPU
		{F30039B2-8794-47DC-9098-DC7E3E252A93}.Debug|Any CPU.Build.0 = Debug|Any CPU
		{F30039B2-8794-47DC-9098-DC7E3E252A93}.Debug|x64.ActiveCfg = Debug|Any CPU
		{F30039B2-8794-47DC-9098-DC7E3E252A93}.Debug|x64.Build.0 = Debug|Any CPU
		{F30039B2-8794-47DC-9098-DC7E3E252A93}.Debug|x86.ActiveCfg = Debug|Any CPU
		{F30039B2-8794-47DC-9098-DC7E3E252A93}.Debug|x86.Build.0 = Debug|Any CPU
		{F30039B2-8794-47DC-9098-DC7E3E252A93}.Release|Any CPU.ActiveCfg = Release|Any CPU
		{F30039B2-8794-47DC-9098-DC7E3E252A93}.Release|Any CPU.Build.0 = Release|Any CPU
		{F30039B2-8794-47DC-9098-DC7E3E252A93}.Release|x64.ActiveCfg = Release|Any CPU
		{F30039B2-8794-47DC-9098-DC7E3E252A93}.Release|x64.Build.0 = Release|Any CPU
		{F30039B2-8794-47DC-9098-DC7E3E252A93}.Release|x86.ActiveCfg = Release|Any CPU
		{F30039B2-8794-47DC-9098-DC7E3E252A93}.Release|x86.Build.0 = Release|Any CPU
		{1121DF2B-CBB0-4D3E-8BAF-666F74001C87}.Debug|Any CPU.ActiveCfg = Debug|Any CPU
		{1121DF2B-CBB0-4D3E-8BAF-666F74001C87}.Debug|Any CPU.Build.0 = Debug|Any CPU
		{1121DF2B-CBB0-4D3E-8BAF-666F74001C87}.Debug|x64.ActiveCfg = Debug|x64
		{1121DF2B-CBB0-4D3E-8BAF-666F74001C87}.Debug|x64.Build.0 = Debug|x64
		{1121DF2B-CBB0-4D3E-8BAF-666F74001C87}.Debug|x86.ActiveCfg = Debug|x86
		{1121DF2B-CBB0-4D3E-8BAF-666F74001C87}.Debug|x86.Build.0 = Debug|x86
		{1121DF2B-CBB0-4D3E-8BAF-666F74001C87}.Release|Any CPU.ActiveCfg = Release|Any CPU
		{1121DF2B-CBB0-4D3E-8BAF-666F74001C87}.Release|Any CPU.Build.0 = Release|Any CPU
		{1121DF2B-CBB0-4D3E-8BAF-666F74001C87}.Release|x64.ActiveCfg = Release|x64
		{1121DF2B-CBB0-4D3E-8BAF-666F74001C87}.Release|x64.Build.0 = Release|x64
		{1121DF2B-CBB0-4D3E-8BAF-666F74001C87}.Release|x86.ActiveCfg = Release|x86
		{1121DF2B-CBB0-4D3E-8BAF-666F74001C87}.Release|x86.Build.0 = Release|x86
		{9620A34F-2033-457E-9C48-169A80EBCF6B}.Debug|Any CPU.ActiveCfg = Debug|Any CPU
		{9620A34F-2033-457E-9C48-169A80EBCF6B}.Debug|Any CPU.Build.0 = Debug|Any CPU
		{9620A34F-2033-457E-9C48-169A80EBCF6B}.Debug|x64.ActiveCfg = Debug|Any CPU
		{9620A34F-2033-457E-9C48-169A80EBCF6B}.Debug|x64.Build.0 = Debug|Any CPU
		{9620A34F-2033-457E-9C48-169A80EBCF6B}.Debug|x86.ActiveCfg = Debug|Any CPU
		{9620A34F-2033-457E-9C48-169A80EBCF6B}.Debug|x86.Build.0 = Debug|Any CPU
		{9620A34F-2033-457E-9C48-169A80EBCF6B}.Release|Any CPU.ActiveCfg = Release|Any CPU
		{9620A34F-2033-457E-9C48-169A80EBCF6B}.Release|Any CPU.Build.0 = Release|Any CPU
		{9620A34F-2033-457E-9C48-169A80EBCF6B}.Release|x64.ActiveCfg = Release|Any CPU
		{9620A34F-2033-457E-9C48-169A80EBCF6B}.Release|x64.Build.0 = Release|Any CPU
		{9620A34F-2033-457E-9C48-169A80EBCF6B}.Release|x86.ActiveCfg = Release|Any CPU
		{9620A34F-2033-457E-9C48-169A80EBCF6B}.Release|x86.Build.0 = Release|Any CPU
		{9589DB9E-6497-409C-BD1B-01590656C89A}.Debug|Any CPU.ActiveCfg = Debug|Any CPU
		{9589DB9E-6497-409C-BD1B-01590656C89A}.Debug|Any CPU.Build.0 = Debug|Any CPU
		{9589DB9E-6497-409C-BD1B-01590656C89A}.Debug|x64.ActiveCfg = Debug|Any CPU
		{9589DB9E-6497-409C-BD1B-01590656C89A}.Debug|x64.Build.0 = Debug|Any CPU
		{9589DB9E-6497-409C-BD1B-01590656C89A}.Debug|x86.ActiveCfg = Debug|Any CPU
		{9589DB9E-6497-409C-BD1B-01590656C89A}.Debug|x86.Build.0 = Debug|Any CPU
		{9589DB9E-6497-409C-BD1B-01590656C89A}.Release|Any CPU.ActiveCfg = Release|Any CPU
		{9589DB9E-6497-409C-BD1B-01590656C89A}.Release|Any CPU.Build.0 = Release|Any CPU
		{9589DB9E-6497-409C-BD1B-01590656C89A}.Release|x64.ActiveCfg = Release|Any CPU
		{9589DB9E-6497-409C-BD1B-01590656C89A}.Release|x64.Build.0 = Release|Any CPU
		{9589DB9E-6497-409C-BD1B-01590656C89A}.Release|x86.ActiveCfg = Release|Any CPU
		{9589DB9E-6497-409C-BD1B-01590656C89A}.Release|x86.Build.0 = Release|Any CPU
		{64A68830-D246-49EE-9327-80481D65B3A1}.Debug|Any CPU.ActiveCfg = Debug|Any CPU
		{64A68830-D246-49EE-9327-80481D65B3A1}.Debug|Any CPU.Build.0 = Debug|Any CPU
		{64A68830-D246-49EE-9327-80481D65B3A1}.Debug|x64.ActiveCfg = Debug|Any CPU
		{64A68830-D246-49EE-9327-80481D65B3A1}.Debug|x64.Build.0 = Debug|Any CPU
		{64A68830-D246-49EE-9327-80481D65B3A1}.Debug|x86.ActiveCfg = Debug|Any CPU
		{64A68830-D246-49EE-9327-80481D65B3A1}.Debug|x86.Build.0 = Debug|Any CPU
		{64A68830-D246-49EE-9327-80481D65B3A1}.Release|Any CPU.ActiveCfg = Release|Any CPU
		{64A68830-D246-49EE-9327-80481D65B3A1}.Release|Any CPU.Build.0 = Release|Any CPU
		{64A68830-D246-49EE-9327-80481D65B3A1}.Release|x64.ActiveCfg = Release|Any CPU
		{64A68830-D246-49EE-9327-80481D65B3A1}.Release|x64.Build.0 = Release|Any CPU
		{64A68830-D246-49EE-9327-80481D65B3A1}.Release|x86.ActiveCfg = Release|Any CPU
		{64A68830-D246-49EE-9327-80481D65B3A1}.Release|x86.Build.0 = Release|Any CPU
		{5EAC25FC-3BB3-4351-BCF3-4081E9553AEB}.Debug|Any CPU.ActiveCfg = Debug|Any CPU
		{5EAC25FC-3BB3-4351-BCF3-4081E9553AEB}.Debug|Any CPU.Build.0 = Debug|Any CPU
		{5EAC25FC-3BB3-4351-BCF3-4081E9553AEB}.Debug|x64.ActiveCfg = Debug|x64
		{5EAC25FC-3BB3-4351-BCF3-4081E9553AEB}.Debug|x64.Build.0 = Debug|x64
		{5EAC25FC-3BB3-4351-BCF3-4081E9553AEB}.Debug|x86.ActiveCfg = Debug|x86
		{5EAC25FC-3BB3-4351-BCF3-4081E9553AEB}.Debug|x86.Build.0 = Debug|x86
		{5EAC25FC-3BB3-4351-BCF3-4081E9553AEB}.Release|Any CPU.ActiveCfg = Release|Any CPU
		{5EAC25FC-3BB3-4351-BCF3-4081E9553AEB}.Release|Any CPU.Build.0 = Release|Any CPU
		{5EAC25FC-3BB3-4351-BCF3-4081E9553AEB}.Release|x64.ActiveCfg = Release|x64
		{5EAC25FC-3BB3-4351-BCF3-4081E9553AEB}.Release|x64.Build.0 = Release|x64
		{5EAC25FC-3BB3-4351-BCF3-4081E9553AEB}.Release|x86.ActiveCfg = Release|x86
		{5EAC25FC-3BB3-4351-BCF3-4081E9553AEB}.Release|x86.Build.0 = Release|x86
		{C552FD1A-5143-4AD6-938D-4D96340D7AE0}.Debug|Any CPU.ActiveCfg = Debug|Any CPU
		{C552FD1A-5143-4AD6-938D-4D96340D7AE0}.Debug|Any CPU.Build.0 = Debug|Any CPU
		{C552FD1A-5143-4AD6-938D-4D96340D7AE0}.Debug|x64.ActiveCfg = Debug|x64
		{C552FD1A-5143-4AD6-938D-4D96340D7AE0}.Debug|x64.Build.0 = Debug|x64
		{C552FD1A-5143-4AD6-938D-4D96340D7AE0}.Debug|x86.ActiveCfg = Debug|x86
		{C552FD1A-5143-4AD6-938D-4D96340D7AE0}.Debug|x86.Build.0 = Debug|x86
		{C552FD1A-5143-4AD6-938D-4D96340D7AE0}.Release|Any CPU.ActiveCfg = Release|Any CPU
		{C552FD1A-5143-4AD6-938D-4D96340D7AE0}.Release|Any CPU.Build.0 = Release|Any CPU
		{C552FD1A-5143-4AD6-938D-4D96340D7AE0}.Release|x64.ActiveCfg = Release|x64
		{C552FD1A-5143-4AD6-938D-4D96340D7AE0}.Release|x64.Build.0 = Release|x64
		{C552FD1A-5143-4AD6-938D-4D96340D7AE0}.Release|x86.ActiveCfg = Release|x86
		{C552FD1A-5143-4AD6-938D-4D96340D7AE0}.Release|x86.Build.0 = Release|x86
		{13F7BDA3-265F-4F30-8144-9AD408303F21}.Debug|Any CPU.ActiveCfg = Debug|Any CPU
		{13F7BDA3-265F-4F30-8144-9AD408303F21}.Debug|Any CPU.Build.0 = Debug|Any CPU
		{13F7BDA3-265F-4F30-8144-9AD408303F21}.Debug|x64.ActiveCfg = Debug|Any CPU
		{13F7BDA3-265F-4F30-8144-9AD408303F21}.Debug|x64.Build.0 = Debug|Any CPU
		{13F7BDA3-265F-4F30-8144-9AD408303F21}.Debug|x86.ActiveCfg = Debug|Any CPU
		{13F7BDA3-265F-4F30-8144-9AD408303F21}.Debug|x86.Build.0 = Debug|Any CPU
		{13F7BDA3-265F-4F30-8144-9AD408303F21}.Release|Any CPU.ActiveCfg = Release|Any CPU
		{13F7BDA3-265F-4F30-8144-9AD408303F21}.Release|Any CPU.Build.0 = Release|Any CPU
		{13F7BDA3-265F-4F30-8144-9AD408303F21}.Release|x64.ActiveCfg = Release|Any CPU
		{13F7BDA3-265F-4F30-8144-9AD408303F21}.Release|x64.Build.0 = Release|Any CPU
		{13F7BDA3-265F-4F30-8144-9AD408303F21}.Release|x86.ActiveCfg = Release|Any CPU
		{13F7BDA3-265F-4F30-8144-9AD408303F21}.Release|x86.Build.0 = Release|Any CPU
		{CAAEB235-B6A7-4A89-B4AA-96994287E61E}.Debug|Any CPU.ActiveCfg = Debug|Any CPU
		{CAAEB235-B6A7-4A89-B4AA-96994287E61E}.Debug|Any CPU.Build.0 = Debug|Any CPU
		{CAAEB235-B6A7-4A89-B4AA-96994287E61E}.Debug|x64.ActiveCfg = Debug|x64
		{CAAEB235-B6A7-4A89-B4AA-96994287E61E}.Debug|x64.Build.0 = Debug|x64
		{CAAEB235-B6A7-4A89-B4AA-96994287E61E}.Debug|x86.ActiveCfg = Debug|x86
		{CAAEB235-B6A7-4A89-B4AA-96994287E61E}.Debug|x86.Build.0 = Debug|x86
		{CAAEB235-B6A7-4A89-B4AA-96994287E61E}.Release|Any CPU.ActiveCfg = Release|Any CPU
		{CAAEB235-B6A7-4A89-B4AA-96994287E61E}.Release|Any CPU.Build.0 = Release|Any CPU
		{CAAEB235-B6A7-4A89-B4AA-96994287E61E}.Release|x64.ActiveCfg = Release|x64
		{CAAEB235-B6A7-4A89-B4AA-96994287E61E}.Release|x64.Build.0 = Release|x64
		{CAAEB235-B6A7-4A89-B4AA-96994287E61E}.Release|x86.ActiveCfg = Release|x86
		{CAAEB235-B6A7-4A89-B4AA-96994287E61E}.Release|x86.Build.0 = Release|x86
		{5E4A355D-3FC0-48FC-8108-29A891447F65}.Debug|Any CPU.ActiveCfg = Debug|Any CPU
		{5E4A355D-3FC0-48FC-8108-29A891447F65}.Debug|Any CPU.Build.0 = Debug|Any CPU
		{5E4A355D-3FC0-48FC-8108-29A891447F65}.Debug|x64.ActiveCfg = Debug|Any CPU
		{5E4A355D-3FC0-48FC-8108-29A891447F65}.Debug|x64.Build.0 = Debug|Any CPU
		{5E4A355D-3FC0-48FC-8108-29A891447F65}.Debug|x86.ActiveCfg = Debug|Any CPU
		{5E4A355D-3FC0-48FC-8108-29A891447F65}.Debug|x86.Build.0 = Debug|Any CPU
		{5E4A355D-3FC0-48FC-8108-29A891447F65}.Release|Any CPU.ActiveCfg = Release|Any CPU
		{5E4A355D-3FC0-48FC-8108-29A891447F65}.Release|Any CPU.Build.0 = Release|Any CPU
		{5E4A355D-3FC0-48FC-8108-29A891447F65}.Release|x64.ActiveCfg = Release|Any CPU
		{5E4A355D-3FC0-48FC-8108-29A891447F65}.Release|x64.Build.0 = Release|Any CPU
		{5E4A355D-3FC0-48FC-8108-29A891447F65}.Release|x86.ActiveCfg = Release|Any CPU
		{5E4A355D-3FC0-48FC-8108-29A891447F65}.Release|x86.Build.0 = Release|Any CPU
	EndGlobalSection
	GlobalSection(SolutionProperties) = preSolution
		HideSolutionNode = FALSE
	EndGlobalSection
	GlobalSection(ExtensibilityGlobals) = postSolution
		SolutionGuid = {365DF71D-4C66-4262-96C1-D01D323AEAEB}
	EndGlobalSection
EndGlobal
