
Microsoft Visual Studio Solution File, Format Version 12.00
# Visual Studio Version 17
VisualStudioVersion = 17.14.36310.24
MinimumVisualStudioVersion = 10.0.40219.1
Project("{FAE04EC0-301F-11D3-BF4B-00C04F79EFBC}") = "Ironwall.Dotnet.Libraries.Messages", "Ironwall.Dotnet.Libraries.Messages.csproj", "{B3C24156-33ED-23AD-0C9F-CC942009226B}"
EndProject
Global
	GlobalSection(SolutionConfigurationPlatforms) = preSolution
		Debug|Any CPU = Debug|Any CPU
		Release|Any CPU = Release|Any CPU
	EndGlobalSection
	GlobalSection(ProjectConfigurationPlatforms) = postSolution
		{B3C24156-33ED-23AD-0C9F-CC942009226B}.Debug|Any CPU.ActiveCfg = Debug|Any CPU
		{B3C24156-33ED-23AD-0C9F-CC942009226B}.Debug|Any CPU.Build.0 = Debug|Any CPU
		{B3C24156-33ED-23AD-0C9F-CC942009226B}.Release|Any CPU.ActiveCfg = Release|Any CPU
		{B3C24156-33ED-23AD-0C9F-CC942009226B}.Release|Any CPU.Build.0 = Release|Any CPU
	EndGlobalSection
	GlobalSection(SolutionProperties) = preSolution
		HideSolutionNode = FALSE
	EndGlobalSection
	GlobalSection(ExtensibilityGlobals) = postSolution
		SolutionGuid = {A3219D94-EFFA-43E3-AB66-D017CB66BF7C}
	EndGlobalSection
EndGlobal
